// !$*UTF8*$!
{
	archiveVersion = 1;
	classes = {
	};
	objectVersion = 56;
	objects = {

/* Begin PBXBuildFile section */
		D53BC4F029A85C18008E6A88 /* AppDelegate.m in Sources */ = {isa = PBXBuildFile; fileRef = D53BC4EF29A85C18008E6A88 /* AppDelegate.m */; };
		D53BC4FB29A85C19008E6A88 /* Assets.xcassets in Resources */ = {isa = PBXBuildFile; fileRef = D53BC4FA29A85C19008E6A88 /* Assets.xcassets */; };
		D53BC4FE29A85C19008E6A88 /* LaunchScreen.storyboard in Resources */ = {isa = PBXBuildFile; fileRef = D53BC4FC29A85C19008E6A88 /* LaunchScreen.storyboard */; };
		D53BC50129A85C19008E6A88 /* main.m in Sources */ = {isa = PBXBuildFile; fileRef = D53BC50029A85C19008E6A88 /* main.m */; };
		D53BC50E29A85C31008E6A88 /* LXTabBarItem.m in Sources */ = {isa = PBXBuildFile; fileRef = D53BC50829A85C31008E6A88 /* LXTabBarItem.m */; };
		D53BC50F29A85C31008E6A88 /* LXTabBarController.m in Sources */ = {isa = PBXBuildFile; fileRef = D53BC50C29A85C31008E6A88 /* LXTabBarController.m */; };
		D53BC51029A85C31008E6A88 /* LXTabBar.m in Sources */ = {isa = PBXBuildFile; fileRef = D53BC50D29A85C31008E6A88 /* LXTabBar.m */; };
		D53BC51329A85C6D008E6A88 /* CoreFoundation.framework in Frameworks */ = {isa = PBXBuildFile; fileRef = D53BC51229A85C6D008E6A88 /* CoreFoundation.framework */; };
		D53BC51529A85C72008E6A88 /* UIKit.framework in Frameworks */ = {isa = PBXBuildFile; fileRef = D53BC51429A85C72008E6A88 /* UIKit.framework */; };
		D53BC51829A85CDA008E6A88 /* UIButton+Layout.m in Sources */ = {isa = PBXBuildFile; fileRef = D53BC51629A85CDA008E6A88 /* UIButton+Layout.m */; };
		D53BC51B29A85F10008E6A88 /* MyTabBarController.m in Sources */ = {isa = PBXBuildFile; fileRef = D53BC51A29A85F10008E6A88 /* MyTabBarController.m */; };
		D53BC51E29A85F45008E6A88 /* ViewController.m in Sources */ = {isa = PBXBuildFile; fileRef = D53BC51D29A85F45008E6A88 /* ViewController.m */; };
/* End PBXBuildFile section */

/* Begin PBXFileReference section */
		D53BC4EB29A85C18008E6A88 /* LXTabBarDemo.app */ = {isa = PBXFileReference; explicitFileType = wrapper.application; includeInIndex = 0; path = LXTabBarDemo.app; sourceTree = BUILT_PRODUCTS_DIR; };
		D53BC4EE29A85C18008E6A88 /* AppDelegate.h */ = {isa = PBXFileReference; lastKnownFileType = sourcecode.c.h; path = AppDelegate.h; sourceTree = "<group>"; };
		D53BC4EF29A85C18008E6A88 /* AppDelegate.m */ = {isa = PBXFileReference; lastKnownFileType = sourcecode.c.objc; path = AppDelegate.m; sourceTree = "<group>"; };
		D53BC4FA29A85C19008E6A88 /* Assets.xcassets */ = {isa = PBXFileReference; lastKnownFileType = folder.assetcatalog; path = Assets.xcassets; sourceTree = "<group>"; };
		D53BC4FD29A85C19008E6A88 /* Base */ = {isa = PBXFileReference; lastKnownFileType = file.storyboard; name = Base; path = Base.lproj/LaunchScreen.storyboard; sourceTree = "<group>"; };
		D53BC4FF29A85C19008E6A88 /* Info.plist */ = {isa = PBXFileReference; lastKnownFileType = text.plist.xml; path = Info.plist; sourceTree = "<group>"; };
		D53BC50029A85C19008E6A88 /* main.m */ = {isa = PBXFileReference; lastKnownFileType = sourcecode.c.objc; path = main.m; sourceTree = "<group>"; };
		D53BC50829A85C31008E6A88 /* LXTabBarItem.m */ = {isa = PBXFileReference; fileEncoding = 4; lastKnownFileType = sourcecode.c.objc; path = LXTabBarItem.m; sourceTree = "<group>"; };
		D53BC50929A85C31008E6A88 /* LXTabBar.h */ = {isa = PBXFileReference; fileEncoding = 4; lastKnownFileType = sourcecode.c.h; path = LXTabBar.h; sourceTree = "<group>"; };
		D53BC50A29A85C31008E6A88 /* LXTabBarController.h */ = {isa = PBXFileReference; fileEncoding = 4; lastKnownFileType = sourcecode.c.h; path = LXTabBarController.h; sourceTree = "<group>"; };
		D53BC50B29A85C31008E6A88 /* LXTabBarItem.h */ = {isa = PBXFileReference; fileEncoding = 4; lastKnownFileType = sourcecode.c.h; path = LXTabBarItem.h; sourceTree = "<group>"; };
		D53BC50C29A85C31008E6A88 /* LXTabBarController.m */ = {isa = PBXFileReference; fileEncoding = 4; lastKnownFileType = sourcecode.c.objc; path = LXTabBarController.m; sourceTree = "<group>"; };
		D53BC50D29A85C31008E6A88 /* LXTabBar.m */ = {isa = PBXFileReference; fileEncoding = 4; lastKnownFileType = sourcecode.c.objc; path = LXTabBar.m; sourceTree = "<group>"; };
		D53BC51229A85C6D008E6A88 /* CoreFoundation.framework */ = {isa = PBXFileReference; lastKnownFileType = wrapper.framework; name = CoreFoundation.framework; path = System/Library/Frameworks/CoreFoundation.framework; sourceTree = SDKROOT; };
		D53BC51429A85C72008E6A88 /* UIKit.framework */ = {isa = PBXFileReference; lastKnownFileType = wrapper.framework; name = UIKit.framework; path = System/Library/Frameworks/UIKit.framework; sourceTree = SDKROOT; };
		D53BC51629A85CDA008E6A88 /* UIButton+Layout.m */ = {isa = PBXFileReference; fileEncoding = 4; lastKnownFileType = sourcecode.c.objc; path = "UIButton+Layout.m"; sourceTree = "<group>"; };
		D53BC51729A85CDA008E6A88 /* UIButton+Layout.h */ = {isa = PBXFileReference; fileEncoding = 4; lastKnownFileType = sourcecode.c.h; path = "UIButton+Layout.h"; sourceTree = "<group>"; };
		D53BC51929A85F10008E6A88 /* MyTabBarController.h */ = {isa = PBXFileReference; lastKnownFileType = sourcecode.c.h; path = MyTabBarController.h; sourceTree = "<group>"; };
		D53BC51A29A85F10008E6A88 /* MyTabBarController.m */ = {isa = PBXFileReference; lastKnownFileType = sourcecode.c.objc; path = MyTabBarController.m; sourceTree = "<group>"; };
		D53BC51C29A85F45008E6A88 /* ViewController.h */ = {isa = PBXFileReference; lastKnownFileType = sourcecode.c.h; path = ViewController.h; sourceTree = "<group>"; };
		D53BC51D29A85F45008E6A88 /* ViewController.m */ = {isa = PBXFileReference; lastKnownFileType = sourcecode.c.objc; path = ViewController.m; sourceTree = "<group>"; };
/* End PBXFileReference section */

/* Begin PBXFrameworksBuildPhase section */
		D53BC4E829A85C18008E6A88 /* Frameworks */ = {
			isa = PBXFrameworksBuildPhase;
			buildActionMask = 2147483647;
			files = (
				D53BC51329A85C6D008E6A88 /* CoreFoundation.framework in Frameworks */,
				D53BC51529A85C72008E6A88 /* UIKit.framework in Frameworks */,
			);
			runOnlyForDeploymentPostprocessing = 0;
		};
/* End PBXFrameworksBuildPhase section */

/* Begin PBXGroup section */
		D53BC4E229A85C18008E6A88 = {
			isa = PBXGroup;
			children = (
				D53BC4ED29A85C18008E6A88 /* LXTabBarDemo */,
				D53BC4EC29A85C18008E6A88 /* Products */,
				D53BC51129A85C6C008E6A88 /* Frameworks */,
			);
			sourceTree = "<group>";
		};
		D53BC4EC29A85C18008E6A88 /* Products */ = {
			isa = PBXGroup;
			children = (
				D53BC4EB29A85C18008E6A88 /* LXTabBarDemo.app */,
			);
			name = Products;
			sourceTree = "<group>";
		};
		D53BC4ED29A85C18008E6A88 /* LXTabBarDemo */ = {
			isa = PBXGroup;
			children = (
				D53BC50729A85C31008E6A88 /* LXTabBarController */,
				D53BC4EE29A85C18008E6A88 /* AppDelegate.h */,
				D53BC4EF29A85C18008E6A88 /* AppDelegate.m */,
				D53BC51929A85F10008E6A88 /* MyTabBarController.h */,
				D53BC51A29A85F10008E6A88 /* MyTabBarController.m */,
				D53BC51C29A85F45008E6A88 /* ViewController.h */,
				D53BC51D29A85F45008E6A88 /* ViewController.m */,
				D53BC4FA29A85C19008E6A88 /* Assets.xcassets */,
				D53BC4FC29A85C19008E6A88 /* LaunchScreen.storyboard */,
				D53BC4FF29A85C19008E6A88 /* Info.plist */,
				D53BC50029A85C19008E6A88 /* main.m */,
			);
			path = LXTabBarDemo;
			sourceTree = "<group>";
		};
		D53BC50729A85C31008E6A88 /* LXTabBarController */ = {
			isa = PBXGroup;
			children = (
				D53BC50929A85C31008E6A88 /* LXTabBar.h */,
				D53BC50D29A85C31008E6A88 /* LXTabBar.m */,
				D53BC50A29A85C31008E6A88 /* LXTabBarController.h */,
				D53BC50C29A85C31008E6A88 /* LXTabBarController.m */,
				D53BC50B29A85C31008E6A88 /* LXTabBarItem.h */,
				D53BC50829A85C31008E6A88 /* LXTabBarItem.m */,
				D53BC51729A85CDA008E6A88 /* UIButton+Layout.h */,
				D53BC51629A85CDA008E6A88 /* UIButton+Layout.m */,
			);
			path = LXTabBarController;
			sourceTree = "<group>";
		};
		D53BC51129A85C6C008E6A88 /* Frameworks */ = {
			isa = PBXGroup;
			children = (
				D53BC51429A85C72008E6A88 /* UIKit.framework */,
				D53BC51229A85C6D008E6A88 /* CoreFoundation.framework */,
			);
			name = Frameworks;
			sourceTree = "<group>";
		};
/* End PBXGroup section */

/* Begin PBXNativeTarget section */
		D53BC4EA29A85C18008E6A88 /* LXTabBarDemo */ = {
			isa = PBXNativeTarget;
			buildConfigurationList = D53BC50429A85C19008E6A88 /* Build configuration list for PBXNativeTarget "LXTabBarDemo" */;
			buildPhases = (
				D53BC4E729A85C18008E6A88 /* Sources */,
				D53BC4E829A85C18008E6A88 /* Frameworks */,
				D53BC4E929A85C18008E6A88 /* Resources */,
			);
			buildRules = (
			);
			dependencies = (
			);
			name = LXTabBarDemo;
			productName = LXTabBarDemo;
			productReference = D53BC4EB29A85C18008E6A88 /* LXTabBarDemo.app */;
			productType = "com.apple.product-type.application";
		};
/* End PBXNativeTarget section */

/* Begin PBXProject section */
		D53BC4E329A85C18008E6A88 /* Project object */ = {
			isa = PBXProject;
			attributes = {
				BuildIndependentTargetsInParallel = 1;
				LastUpgradeCheck = 1420;
				TargetAttributes = {
					D53BC4EA29A85C18008E6A88 = {
						CreatedOnToolsVersion = 14.2;
					};
				};
			};
			buildConfigurationList = D53BC4E629A85C18008E6A88 /* Build configuration list for PBXProject "LXTabBarDemo" */;
			compatibilityVersion = "Xcode 14.0";
			developmentRegion = en;
			hasScannedForEncodings = 0;
			knownRegions = (
				en,
				Base,
			);
			mainGroup = D53BC4E229A85C18008E6A88;
			productRefGroup = D53BC4EC29A85C18008E6A88 /* Products */;
			projectDirPath = "";
			projectRoot = "";
			targets = (
				D53BC4EA29A85C18008E6A88 /* LXTabBarDemo */,
			);
		};
/* End PBXProject section */

/* Begin PBXResourcesBuildPhase section */
		D53BC4E929A85C18008E6A88 /* Resources */ = {
			isa = PBXResourcesBuildPhase;
			buildActionMask = 2147483647;
			files = (
				D53BC4FE29A85C19008E6A88 /* LaunchScreen.storyboard in Resources */,
				D53BC4FB29A85C19008E6A88 /* Assets.xcassets in Resources */,
			);
			runOnlyForDeploymentPostprocessing = 0;
		};
/* End PBXResourcesBuildPhase section */

/* Begin PBXSourcesBuildPhase section */
		D53BC4E729A85C18008E6A88 /* Sources */ = {
			isa = PBXSourcesBuildPhase;
			buildActionMask = 2147483647;
			files = (
				D53BC51029A85C31008E6A88 /* LXTabBar.m in Sources */,
				D53BC4F029A85C18008E6A88 /* AppDelegate.m in Sources */,
				D53BC51E29A85F45008E6A88 /* ViewController.m in Sources */,
				D53BC50129A85C19008E6A88 /* main.m in Sources */,
				D53BC50E29A85C31008E6A88 /* LXTabBarItem.m in Sources */,
				D53BC50F29A85C31008E6A88 /* LXTabBarController.m in Sources */,
				D53BC51B29A85F10008E6A88 /* MyTabBarController.m in Sources */,
				D53BC51829A85CDA008E6A88 /* UIButton+Layout.m in Sources */,
			);
			runOnlyForDeploymentPostprocessing = 0;
		};
/* End PBXSourcesBuildPhase section */

/* Begin PBXVariantGroup section */
		D53BC4FC29A85C19008E6A88 /* LaunchScreen.storyboard */ = {
			isa = PBXVariantGroup;
			children = (
				D53BC4FD29A85C19008E6A88 /* Base */,
			);
			name = LaunchScreen.storyboard;
			sourceTree = "<group>";
		};
/* End PBXVariantGroup section */

/* Begin XCBuildConfiguration section */
		D53BC50229A85C19008E6A88 /* Debug */ = {
			isa = XCBuildConfiguration;
			buildSettings = {
				ALWAYS_SEARCH_USER_PATHS = NO;
				CLANG_ANALYZER_NONNULL = YES;
				CLANG_ANALYZER_NUMBER_OBJECT_CONVERSION = YES_AGGRESSIVE;
				CLANG_CXX_LANGUAGE_STANDARD = "gnu++20";
				CLANG_ENABLE_MODULES = YES;
				CLANG_ENABLE_OBJC_ARC = YES;
				CLANG_ENABLE_OBJC_WEAK = YES;
				CLANG_WARN_BLOCK_CAPTURE_AUTORELEASING = YES;
				CLANG_WARN_BOOL_CONVERSION = YES;
				CLANG_WARN_COMMA = YES;
				CLANG_WARN_CONSTANT_CONVERSION = YES;
				CLANG_WARN_DEPRECATED_OBJC_IMPLEMENTATIONS = YES;
				CLANG_WARN_DIRECT_OBJC_ISA_USAGE = YES_ERROR;
				CLANG_WARN_DOCUMENTATION_COMMENTS = YES;
				CLANG_WARN_EMPTY_BODY = YES;
				CLANG_WARN_ENUM_CONVERSION = YES;
				CLANG_WARN_INFINITE_RECURSION = YES;
				CLANG_WARN_INT_CONVERSION = YES;
				CLANG_WARN_NON_LITERAL_NULL_CONVERSION = YES;
				CLANG_WARN_OBJC_IMPLICIT_RETAIN_SELF = YES;
				CLANG_WARN_OBJC_LITERAL_CONVERSION = YES;
				CLANG_WARN_OBJC_ROOT_CLASS = YES_ERROR;
				CLANG_WARN_QUOTED_INCLUDE_IN_FRAMEWORK_HEADER = YES;
				CLANG_WARN_RANGE_LOOP_ANALYSIS = YES;
				CLANG_WARN_STRICT_PROTOTYPES = YES;
				CLANG_WARN_SUSPICIOUS_MOVE = YES;
				CLANG_WARN_UNGUARDED_AVAILABILITY = YES_AGGRESSIVE;
				CLANG_WARN_UNREACHABLE_CODE = YES;
				CLANG_WARN__DUPLICATE_METHOD_MATCH = YES;
				COPY_PHASE_STRIP = NO;
				DEBUG_INFORMATION_FORMAT = dwarf;
				ENABLE_STRICT_OBJC_MSGSEND = YES;
				ENABLE_TESTABILITY = YES;
				GCC_C_LANGUAGE_STANDARD = gnu11;
				GCC_DYNAMIC_NO_PIC = NO;
				GCC_NO_COMMON_BLOCKS = YES;
				GCC_OPTIMIZATION_LEVEL = 0;
				GCC_PREPROCESSOR_DEFINITIONS = (
					"DEBUG=1",
					"$(inherited)",
				);
				GCC_WARN_64_TO_32_BIT_CONVERSION = YES;
				GCC_WARN_ABOUT_RETURN_TYPE = YES_ERROR;
				GCC_WARN_UNDECLARED_SELECTOR = YES;
				GCC_WARN_UNINITIALIZED_AUTOS = YES_AGGRESSIVE;
				GCC_WARN_UNUSED_FUNCTION = YES;
				GCC_WARN_UNUSED_VARIABLE = YES;
				IPHONEOS_DEPLOYMENT_TARGET = 16.2;
				MTL_ENABLE_DEBUG_INFO = INCLUDE_SOURCE;
				MTL_FAST_MATH = YES;
				ONLY_ACTIVE_ARCH = YES;
				SDKROOT = iphoneos;
			};
			name = Debug;
		};
		D53BC50329A85C19008E6A88 /* Release */ = {
			isa = XCBuildConfiguration;
			buildSettings = {
				ALWAYS_SEARCH_USER_PATHS = NO;
				CLANG_ANALYZER_NONNULL = YES;
				CLANG_ANALYZER_NUMBER_OBJECT_CONVERSION = YES_AGGRESSIVE;
				CLANG_CXX_LANGUAGE_STANDARD = "gnu++20";
				CLANG_ENABLE_MODULES = YES;
				CLANG_ENABLE_OBJC_ARC = YES;
				CLANG_ENABLE_OBJC_WEAK = YES;
				CLANG_WARN_BLOCK_CAPTURE_AUTORELEASING = YES;
				CLANG_WARN_BOOL_CONVERSION = YES;
				CLANG_WARN_COMMA = YES;
				CLANG_WARN_CONSTANT_CONVERSION = YES;
				CLANG_WARN_DEPRECATED_OBJC_IMPLEMENTATIONS = YES;
				CLANG_WARN_DIRECT_OBJC_ISA_USAGE = YES_ERROR;
				CLANG_WARN_DOCUMENTATION_COMMENTS = YES;
				CLANG_WARN_EMPTY_BODY = YES;
				CLANG_WARN_ENUM_CONVERSION = YES;
				CLANG_WARN_INFINITE_RECURSION = YES;
				CLANG_WARN_INT_CONVERSION = YES;
				CLANG_WARN_NON_LITERAL_NULL_CONVERSION = YES;
				CLANG_WARN_OBJC_IMPLICIT_RETAIN_SELF = YES;
				CLANG_WARN_OBJC_LITERAL_CONVERSION = YES;
				CLANG_WARN_OBJC_ROOT_CLASS = YES_ERROR;
				CLANG_WARN_QUOTED_INCLUDE_IN_FRAMEWORK_HEADER = YES;
				CLANG_WARN_RANGE_LOOP_ANALYSIS = YES;
				CLANG_WARN_STRICT_PROTOTYPES = YES;
				CLANG_WARN_SUSPICIOUS_MOVE = YES;
				CLANG_WARN_UNGUARDED_AVAILABILITY = YES_AGGRESSIVE;
				CLANG_WARN_UNREACHABLE_CODE = YES;
				CLANG_WARN__DUPLICATE_METHOD_MATCH = YES;
				COPY_PHASE_STRIP = NO;
				DEBUG_INFORMATION_FORMAT = "dwarf-with-dsym";
				ENABLE_NS_ASSERTIONS = NO;
				ENABLE_STRICT_OBJC_MSGSEND = YES;
				GCC_C_LANGUAGE_STANDARD = gnu11;
				GCC_NO_COMMON_BLOCKS = YES;
				GCC_WARN_64_TO_32_BIT_CONVERSION = YES;
				GCC_WARN_ABOUT_RETURN_TYPE = YES_ERROR;
				GCC_WARN_UNDECLARED_SELECTOR = YES;
				GCC_WARN_UNINITIALIZED_AUTOS = YES_AGGRESSIVE;
				GCC_WARN_UNUSED_FUNCTION = YES;
				GCC_WARN_UNUSED_VARIABLE = YES;
				IPHONEOS_DEPLOYMENT_TARGET = 16.2;
				MTL_ENABLE_DEBUG_INFO = NO;
				MTL_FAST_MATH = YES;
				SDKROOT = iphoneos;
				VALIDATE_PRODUCT = YES;
			};
			name = Release;
		};
		D53BC50529A85C19008E6A88 /* Debug */ = {
			isa = XCBuildConfiguration;
			buildSettings = {
				ASSETCATALOG_COMPILER_APPICON_NAME = AppIcon;
				ASSETCATALOG_COMPILER_GLOBAL_ACCENT_COLOR_NAME = AccentColor;
				CODE_SIGN_STYLE = Automatic;
				CURRENT_PROJECT_VERSION = 1;
				GENERATE_INFOPLIST_FILE = YES;
				INFOPLIST_FILE = LXTabBarDemo/Info.plist;
				INFOPLIST_KEY_UIApplicationSupportsIndirectInputEvents = YES;
				INFOPLIST_KEY_UILaunchStoryboardName = LaunchScreen;
				INFOPLIST_KEY_UISupportedInterfaceOrientations_iPad = "UIInterfaceOrientationPortrait UIInterfaceOrientationPortraitUpsideDown UIInterfaceOrientationLandscapeLeft UIInterfaceOrientationLandscapeRight";
				INFOPLIST_KEY_UISupportedInterfaceOrientations_iPhone = "UIInterfaceOrientationPortrait UIInterfaceOrientationLandscapeLeft UIInterfaceOrientationLandscapeRight";
				LD_RUNPATH_SEARCH_PATHS = (
					"$(inherited)",
					"@executable_path/Frameworks",
				);
				MARKETING_VERSION = 1.0;
				PRODUCT_BUNDLE_IDENTIFIER = com.tabBar.LXTabBarDemo;
				PRODUCT_NAME = "$(TARGET_NAME)";
				SWIFT_EMIT_LOC_STRINGS = YES;
				TARGETED_DEVICE_FAMILY = "1,2";
			};
			name = Debug;
		};
		D53BC50629A85C19008E6A88 /* Release */ = {
			isa = XCBuildConfiguration;
			buildSettings = {
				ASSETCATALOG_COMPILER_APPICON_NAME = AppIcon;
				ASSETCATALOG_COMPILER_GLOBAL_ACCENT_COLOR_NAME = AccentColor;
				CODE_SIGN_STYLE = Automatic;
				CURRENT_PROJECT_VERSION = 1;
				GENERATE_INFOPLIST_FILE = YES;
				INFOPLIST_FILE = LXTabBarDemo/Info.plist;
				INFOPLIST_KEY_UIApplicationSupportsIndirectInputEvents = YES;
				INFOPLIST_KEY_UILaunchStoryboardName = LaunchScreen;
				INFOPLIST_KEY_UISupportedInterfaceOrientations_iPad = "UIInterfaceOrientationPortrait UIInterfaceOrientationPortraitUpsideDown UIInterfaceOrientationLandscapeLeft UIInterfaceOrientationLandscapeRight";
				INFOPLIST_KEY_UISupportedInterfaceOrientations_iPhone = "UIInterfaceOrientationPortrait UIInterfaceOrientationLandscapeLeft UIInterfaceOrientationLandscapeRight";
				LD_RUNPATH_SEARCH_PATHS = (
					"$(inherited)",
					"@executable_path/Frameworks",
				);
				MARKETING_VERSION = 1.0;
				PRODUCT_BUNDLE_IDENTIFIER = com.tabBar.LXTabBarDemo;
				PRODUCT_NAME = "$(TARGET_NAME)";
				SWIFT_EMIT_LOC_STRINGS = YES;
				TARGETED_DEVICE_FAMILY = "1,2";
			};
			name = Release;
		};
/* End XCBuildConfiguration section */

/* Begin XCConfigurationList section */
		D53BC4E629A85C18008E6A88 /* Build configuration list for PBXProject "LXTabBarDemo" */ = {
			isa = XCConfigurationList;
			buildConfigurations = (
				D53BC50229A85C19008E6A88 /* Debug */,
				D53BC50329A85C19008E6A88 /* Release */,
			);
			defaultConfigurationIsVisible = 0;
			defaultConfigurationName = Release;
		};
		D53BC50429A85C19008E6A88 /* Build configuration list for PBXNativeTarget "LXTabBarDemo" */ = {
			isa = XCConfigurationList;
			buildConfigurations = (
				D53BC50529A85C19008E6A88 /* Debug */,
				D53BC50629A85C19008E6A88 /* Release */,
			);
			defaultConfigurationIsVisible = 0;
			defaultConfigurationName = Release;
		};
/* End XCConfigurationList section */
	};
	rootObject = D53BC4E329A85C18008E6A88 /* Project object */;
}
